
Microsoft Visual Studio Solution File, Format Version 12.00
# Visual Studio Version 17
VisualStudioVersion = 17.7.34202.233
MinimumVisualStudioVersion = 10.0.40219.1
Project("{FAE04EC0-301F-11D3-BF4B-00C04F79EFBC}") = "thehubgit", "thehubgit\thehubgit.csproj", "{C83AC5AB-FD3E-47D4-A04D-AB64AA2B1F8F}"
EndProject
Global
	GlobalSection(SolutionConfigurationPlatforms) = preSolution
		Debug|Any CPU = Debug|Any CPU
		Release|Any CPU = Release|Any CPU
	EndGlobalSection
	GlobalSection(ProjectConfigurationPlatforms) = postSolution
		{C83AC5AB-FD3E-47D4-A04D-AB64AA2B1F8F}.Debug|Any CPU.ActiveCfg = Debug|Any CPU
		{C83AC5AB-FD3E-47D4-A04D-AB64AA2B1F8F}.Debug|Any CPU.Build.0 = Debug|Any CPU
		{C83AC5AB-FD3E-47D4-A04D-AB64AA2B1F8F}.Release|Any CPU.ActiveCfg = Release|Any CPU
		{C83AC5AB-FD3E-47D4-A04D-AB64AA2B1F8F}.Release|Any CPU.Build.0 = Release|Any CPU
	EndGlobalSection
	GlobalSection(SolutionProperties) = preSolution
		HideSolutionNode = FALSE
	EndGlobalSection
	GlobalSection(ExtensibilityGlobals) = postSolution
		SolutionGuid = {F7990A9D-4C12-47C8-9935-EF194A26208B}
	EndGlobalSection
EndGlobal
